// !$*UTF8*$!
{
	archiveVersion = 1;
	classes = {
	};
	objectVersion = 56;
	objects = {

/* Begin PBXBuildFile section */
		76D2EF12299E8909008E6BB7 /* BookDetailViewModel.swift in Sources */ = {isa = PBXBuildFile; fileRef = 76D2EF11299E8909008E6BB7 /* BookDetailViewModel.swift */; };
		76D2EF1629A0BBA5008E6BB7 /* UILabel+.swift in Sources */ = {isa = PBXBuildFile; fileRef = 76D2EF1529A0BBA5008E6BB7 /* UILabel+.swift */; };
		76D2EF1B29A67C1A008E6BB7 /* CoreDataStorage.swift in Sources */ = {isa = PBXBuildFile; fileRef = 76D2EF1A29A67C1A008E6BB7 /* CoreDataStorage.swift */; };
		76D2EF1E29A78B70008E6BB7 /* BooksResponseStorage.swift in Sources */ = {isa = PBXBuildFile; fileRef = 76D2EF1D29A78B70008E6BB7 /* BooksResponseStorage.swift */; };
		76D2EF2029A78F68008E6BB7 /* CoreDataBooksResponseStorage.swift in Sources */ = {isa = PBXBuildFile; fileRef = 76D2EF1F29A78F68008E6BB7 /* CoreDataBooksResponseStorage.swift */; };
		76D2EF2629A7A487008E6BB7 /* BookListResponseEntity+Mapping.swift in Sources */ = {isa = PBXBuildFile; fileRef = 76D2EF2529A7A487008E6BB7 /* BookListResponseEntity+Mapping.swift */; };
		76D2EF2F29A7C6F3008E6BB7 /* BookSearch.xcdatamodeld in Sources */ = {isa = PBXBuildFile; fileRef = 76D2EF2C29A7C6F3008E6BB7 /* BookSearch.xcdatamodeld */; };
		76D2EF3229A91576008E6BB7 /* BookQueryListTableViewController.swift in Sources */ = {isa = PBXBuildFile; fileRef = 76D2EF3129A91576008E6BB7 /* BookQueryListTableViewController.swift */; };
		76D2EF3629A91672008E6BB7 /* BookQueryViewModel.swift in Sources */ = {isa = PBXBuildFile; fileRef = 76D2EF3529A91672008E6BB7 /* BookQueryViewModel.swift */; };
		76D2EF3829A91ACB008E6BB7 /* FetchRecentBookUseCase.swift in Sources */ = {isa = PBXBuildFile; fileRef = 76D2EF3729A91ACB008E6BB7 /* FetchRecentBookUseCase.swift */; };
		76D2EF3B29A91D3B008E6BB7 /* BookQueryListTableViewCell.swift in Sources */ = {isa = PBXBuildFile; fileRef = 76D2EF3A29A91D3B008E6BB7 /* BookQueryListTableViewCell.swift */; };
		76F668CD299685E400198F6B /* AppDelegate.swift in Sources */ = {isa = PBXBuildFile; fileRef = 76F668CC299685E400198F6B /* AppDelegate.swift */; };
		76F668CF299685E400198F6B /* SceneDelegate.swift in Sources */ = {isa = PBXBuildFile; fileRef = 76F668CE299685E400198F6B /* SceneDelegate.swift */; };
		76F668D1299685E400198F6B /* BookListViewController.swift in Sources */ = {isa = PBXBuildFile; fileRef = 76F668D0299685E400198F6B /* BookListViewController.swift */; };
		76F668D9299685E500198F6B /* Assets.xcassets in Resources */ = {isa = PBXBuildFile; fileRef = 76F668D8299685E500198F6B /* Assets.xcassets */; };
		76F668DC299685E500198F6B /* LaunchScreen.storyboard in Resources */ = {isa = PBXBuildFile; fileRef = 76F668DA299685E500198F6B /* LaunchScreen.storyboard */; };
		76F668E8299686F200198F6B /* SnapKit in Frameworks */ = {isa = PBXBuildFile; productRef = 76F668E7299686F200198F6B /* SnapKit */; };
		76F668EB2996874C00198F6B /* RxCocoa in Frameworks */ = {isa = PBXBuildFile; productRef = 76F668EA2996874C00198F6B /* RxCocoa */; };
		76F668ED2996874C00198F6B /* RxSwift in Frameworks */ = {isa = PBXBuildFile; productRef = 76F668EC2996874C00198F6B /* RxSwift */; };
		76F668F02996892C00198F6B /* Swinject in Frameworks */ = {isa = PBXBuildFile; productRef = 76F668EF2996892C00198F6B /* Swinject */; };
		76F668F72996954000198F6B /* Book.swift in Sources */ = {isa = PBXBuildFile; fileRef = 76F668F62996954000198F6B /* Book.swift */; };
		76F668FA299761BA00198F6B /* BookListViewModel.swift in Sources */ = {isa = PBXBuildFile; fileRef = 76F668F9299761BA00198F6B /* BookListViewModel.swift */; };
		76F6690129976BCE00198F6B /* BookRespositoryInterface.swift in Sources */ = {isa = PBXBuildFile; fileRef = 76F6690029976BCE00198F6B /* BookRespositoryInterface.swift */; };
		76F6690329976BEA00198F6B /* BookRespository.swift in Sources */ = {isa = PBXBuildFile; fileRef = 76F6690229976BEA00198F6B /* BookRespository.swift */; };
		76F669072997787400198F6B /* BookListRequestDTO.swift in Sources */ = {isa = PBXBuildFile; fileRef = 76F669062997787400198F6B /* BookListRequestDTO.swift */; };
		76F6690A29977CB300198F6B /* SearchBookUseCase.swift in Sources */ = {isa = PBXBuildFile; fileRef = 76F6690929977CB300198F6B /* SearchBookUseCase.swift */; };
		76F6690F299785C400198F6B /* APIEndPoint.swift in Sources */ = {isa = PBXBuildFile; fileRef = 76F6690E299785C400198F6B /* APIEndPoint.swift */; };
		76F66911299786D300198F6B /* BookListResponseDTO.swift in Sources */ = {isa = PBXBuildFile; fileRef = 76F66910299786D300198F6B /* BookListResponseDTO.swift */; };
		76F6691529978B8600198F6B /* EndPoint.swift in Sources */ = {isa = PBXBuildFile; fileRef = 76F6691429978B8600198F6B /* EndPoint.swift */; };
		76F6691729978DE900198F6B /* NetworkProvider.swift in Sources */ = {isa = PBXBuildFile; fileRef = 76F6691629978DE900198F6B /* NetworkProvider.swift */; };
		76F669192998AD7A00198F6B /* NetworkError.swift in Sources */ = {isa = PBXBuildFile; fileRef = 76F669182998AD7A00198F6B /* NetworkError.swift */; };
		76F6691C2998C78D00198F6B /* BookListTableViewController.swift in Sources */ = {isa = PBXBuildFile; fileRef = 76F6691B2998C78D00198F6B /* BookListTableViewController.swift */; };
		76F6691F2998CBB000198F6B /* BookListTableViewCell.swift in Sources */ = {isa = PBXBuildFile; fileRef = 76F6691E2998CBB000198F6B /* BookListTableViewCell.swift */; };
		76F669222998D42B00198F6B /* DefaultViewModel.swift in Sources */ = {isa = PBXBuildFile; fileRef = 76F669212998D42B00198F6B /* DefaultViewModel.swift */; };
		76F66925299D2CB100198F6B /* BookDetailViewController.swift in Sources */ = {isa = PBXBuildFile; fileRef = 76F66924299D2CB100198F6B /* BookDetailViewController.swift */; };
/* End PBXBuildFile section */

/* Begin PBXFileReference section */
		76D2EF11299E8909008E6BB7 /* BookDetailViewModel.swift */ = {isa = PBXFileReference; lastKnownFileType = sourcecode.swift; path = BookDetailViewModel.swift; sourceTree = "<group>"; };
		76D2EF1529A0BBA5008E6BB7 /* UILabel+.swift */ = {isa = PBXFileReference; lastKnownFileType = sourcecode.swift; path = "UILabel+.swift"; sourceTree = "<group>"; };
		76D2EF1A29A67C1A008E6BB7 /* CoreDataStorage.swift */ = {isa = PBXFileReference; lastKnownFileType = sourcecode.swift; path = CoreDataStorage.swift; sourceTree = "<group>"; };
		76D2EF1D29A78B70008E6BB7 /* BooksResponseStorage.swift */ = {isa = PBXFileReference; lastKnownFileType = sourcecode.swift; path = BooksResponseStorage.swift; sourceTree = "<group>"; };
		76D2EF1F29A78F68008E6BB7 /* CoreDataBooksResponseStorage.swift */ = {isa = PBXFileReference; lastKnownFileType = sourcecode.swift; path = CoreDataBooksResponseStorage.swift; sourceTree = "<group>"; };
		76D2EF2529A7A487008E6BB7 /* BookListResponseEntity+Mapping.swift */ = {isa = PBXFileReference; lastKnownFileType = sourcecode.swift; path = "BookListResponseEntity+Mapping.swift"; sourceTree = "<group>"; };
		76D2EF2D29A7C6F3008E6BB7 /* BookSearch.xcdatamodel */ = {isa = PBXFileReference; lastKnownFileType = wrapper.xcdatamodel; path = BookSearch.xcdatamodel; sourceTree = "<group>"; };
		76D2EF2E29A7C6F3008E6BB7 /* BookSearch 2.xcdatamodel */ = {isa = PBXFileReference; lastKnownFileType = wrapper.xcdatamodel; path = "BookSearch 2.xcdatamodel"; sourceTree = "<group>"; };
		76D2EF3129A91576008E6BB7 /* BookQueryListTableViewController.swift */ = {isa = PBXFileReference; lastKnownFileType = sourcecode.swift; path = BookQueryListTableViewController.swift; sourceTree = "<group>"; };
		76D2EF3529A91672008E6BB7 /* BookQueryViewModel.swift */ = {isa = PBXFileReference; lastKnownFileType = sourcecode.swift; path = BookQueryViewModel.swift; sourceTree = "<group>"; };
		76D2EF3729A91ACB008E6BB7 /* FetchRecentBookUseCase.swift */ = {isa = PBXFileReference; lastKnownFileType = sourcecode.swift; path = FetchRecentBookUseCase.swift; sourceTree = "<group>"; };
		76D2EF3A29A91D3B008E6BB7 /* BookQueryListTableViewCell.swift */ = {isa = PBXFileReference; lastKnownFileType = sourcecode.swift; path = BookQueryListTableViewCell.swift; sourceTree = "<group>"; };
		76F668C9299685E400198F6B /* BookSearch.app */ = {isa = PBXFileReference; explicitFileType = wrapper.application; includeInIndex = 0; path = BookSearch.app; sourceTree = BUILT_PRODUCTS_DIR; };
		76F668CC299685E400198F6B /* AppDelegate.swift */ = {isa = PBXFileReference; lastKnownFileType = sourcecode.swift; path = AppDelegate.swift; sourceTree = "<group>"; };
		76F668CE299685E400198F6B /* SceneDelegate.swift */ = {isa = PBXFileReference; lastKnownFileType = sourcecode.swift; path = SceneDelegate.swift; sourceTree = "<group>"; };
		76F668D0299685E400198F6B /* BookListViewController.swift */ = {isa = PBXFileReference; lastKnownFileType = sourcecode.swift; path = BookListViewController.swift; sourceTree = "<group>"; };
		76F668D8299685E500198F6B /* Assets.xcassets */ = {isa = PBXFileReference; lastKnownFileType = folder.assetcatalog; path = Assets.xcassets; sourceTree = "<group>"; };
		76F668DB299685E500198F6B /* Base */ = {isa = PBXFileReference; lastKnownFileType = file.storyboard; name = Base; path = Base.lproj/LaunchScreen.storyboard; sourceTree = "<group>"; };
		76F668DD299685E500198F6B /* Info.plist */ = {isa = PBXFileReference; lastKnownFileType = text.plist.xml; path = Info.plist; sourceTree = "<group>"; };
		76F668F62996954000198F6B /* Book.swift */ = {isa = PBXFileReference; lastKnownFileType = sourcecode.swift; path = Book.swift; sourceTree = "<group>"; };
		76F668F9299761BA00198F6B /* BookListViewModel.swift */ = {isa = PBXFileReference; lastKnownFileType = sourcecode.swift; path = BookListViewModel.swift; sourceTree = "<group>"; };
		76F6690029976BCE00198F6B /* BookRespositoryInterface.swift */ = {isa = PBXFileReference; lastKnownFileType = sourcecode.swift; path = BookRespositoryInterface.swift; sourceTree = "<group>"; };
		76F6690229976BEA00198F6B /* BookRespository.swift */ = {isa = PBXFileReference; lastKnownFileType = sourcecode.swift; path = BookRespository.swift; sourceTree = "<group>"; };
		76F669062997787400198F6B /* BookListRequestDTO.swift */ = {isa = PBXFileReference; lastKnownFileType = sourcecode.swift; path = BookListRequestDTO.swift; sourceTree = "<group>"; };
		76F6690929977CB300198F6B /* SearchBookUseCase.swift */ = {isa = PBXFileReference; lastKnownFileType = sourcecode.swift; path = SearchBookUseCase.swift; sourceTree = "<group>"; };
		76F6690E299785C400198F6B /* APIEndPoint.swift */ = {isa = PBXFileReference; lastKnownFileType = sourcecode.swift; path = APIEndPoint.swift; sourceTree = "<group>"; };
		76F66910299786D300198F6B /* BookListResponseDTO.swift */ = {isa = PBXFileReference; lastKnownFileType = sourcecode.swift; path = BookListResponseDTO.swift; sourceTree = "<group>"; };
		76F6691429978B8600198F6B /* EndPoint.swift */ = {isa = PBXFileReference; lastKnownFileType = sourcecode.swift; path = EndPoint.swift; sourceTree = "<group>"; };
		76F6691629978DE900198F6B /* NetworkProvider.swift */ = {isa = PBXFileReference; lastKnownFileType = sourcecode.swift; path = NetworkProvider.swift; sourceTree = "<group>"; };
		76F669182998AD7A00198F6B /* NetworkError.swift */ = {isa = PBXFileReference; lastKnownFileType = sourcecode.swift; path = NetworkError.swift; sourceTree = "<group>"; };
		76F6691B2998C78D00198F6B /* BookListTableViewController.swift */ = {isa = PBXFileReference; lastKnownFileType = sourcecode.swift; path = BookListTableViewController.swift; sourceTree = "<group>"; };
		76F6691E2998CBB000198F6B /* BookListTableViewCell.swift */ = {isa = PBXFileReference; lastKnownFileType = sourcecode.swift; path = BookListTableViewCell.swift; sourceTree = "<group>"; };
		76F669212998D42B00198F6B /* DefaultViewModel.swift */ = {isa = PBXFileReference; lastKnownFileType = sourcecode.swift; path = DefaultViewModel.swift; sourceTree = "<group>"; };
		76F66924299D2CB100198F6B /* BookDetailViewController.swift */ = {isa = PBXFileReference; lastKnownFileType = sourcecode.swift; path = BookDetailViewController.swift; sourceTree = "<group>"; };
/* End PBXFileReference section */

/* Begin PBXFrameworksBuildPhase section */
		76F668C6299685E400198F6B /* Frameworks */ = {
			isa = PBXFrameworksBuildPhase;
			buildActionMask = 2147483647;
			files = (
				76F668ED2996874C00198F6B /* RxSwift in Frameworks */,
				76F668EB2996874C00198F6B /* RxCocoa in Frameworks */,
				76F668E8299686F200198F6B /* SnapKit in Frameworks */,
				76F668F02996892C00198F6B /* Swinject in Frameworks */,
			);
			runOnlyForDeploymentPostprocessing = 0;
		};
/* End PBXFrameworksBuildPhase section */

/* Begin PBXGroup section */
		76D2EF0F299E88EC008E6BB7 /* View */ = {
			isa = PBXGroup;
			children = (
				76F66924299D2CB100198F6B /* BookDetailViewController.swift */,
			);
			path = View;
			sourceTree = "<group>";
		};
		76D2EF10299E88F6008E6BB7 /* ViewModel */ = {
			isa = PBXGroup;
			children = (
				76D2EF11299E8909008E6BB7 /* BookDetailViewModel.swift */,
			);
			path = ViewModel;
			sourceTree = "<group>";
		};
		76D2EF1329A0BB76008E6BB7 /* Utils */ = {
			isa = PBXGroup;
			children = (
				76D2EF1429A0BB84008E6BB7 /* Extension */,
			);
			path = Utils;
			sourceTree = "<group>";
		};
		76D2EF1429A0BB84008E6BB7 /* Extension */ = {
			isa = PBXGroup;
			children = (
				76D2EF1529A0BBA5008E6BB7 /* UILabel+.swift */,
			);
			path = Extension;
			sourceTree = "<group>";
		};
		76D2EF1829A67B2A008E6BB7 /* CoreData */ = {
			isa = PBXGroup;
			children = (
				76D2EF1C29A78B58008E6BB7 /* BookResponseStorage */,
				76D2EF1929A67B37008E6BB7 /* CoreDataStorage */,
			);
			path = CoreData;
			sourceTree = "<group>";
		};
		76D2EF1929A67B37008E6BB7 /* CoreDataStorage */ = {
			isa = PBXGroup;
			children = (
				76D2EF2C29A7C6F3008E6BB7 /* BookSearch.xcdatamodeld */,
				76D2EF1A29A67C1A008E6BB7 /* CoreDataStorage.swift */,
			);
			path = CoreDataStorage;
			sourceTree = "<group>";
		};
		76D2EF1C29A78B58008E6BB7 /* BookResponseStorage */ = {
			isa = PBXGroup;
			children = (
				76D2EF1D29A78B70008E6BB7 /* BooksResponseStorage.swift */,
				76D2EF1F29A78F68008E6BB7 /* CoreDataBooksResponseStorage.swift */,
				76D2EF2529A7A487008E6BB7 /* BookListResponseEntity+Mapping.swift */,
			);
			path = BookResponseStorage;
			sourceTree = "<group>";
		};
		76D2EF3029A91514008E6BB7 /* BookQueryList */ = {
			isa = PBXGroup;
			children = (
				76D2EF3329A91657008E6BB7 /* View */,
				76D2EF3429A9165F008E6BB7 /* ViewModel */,
			);
			name = BookQueryList;
			sourceTree = "<group>";
		};
		76D2EF3329A91657008E6BB7 /* View */ = {
			isa = PBXGroup;
			children = (
				76D2EF3129A91576008E6BB7 /* BookQueryListTableViewController.swift */,
				76D2EF3929A91D21008E6BB7 /* Cell */,
			);
			name = View;
			sourceTree = "<group>";
		};
		76D2EF3429A9165F008E6BB7 /* ViewModel */ = {
			isa = PBXGroup;
			children = (
				76D2EF3529A91672008E6BB7 /* BookQueryViewModel.swift */,
			);
			name = ViewModel;
			sourceTree = "<group>";
		};
		76D2EF3929A91D21008E6BB7 /* Cell */ = {
			isa = PBXGroup;
			children = (
				76D2EF3A29A91D3B008E6BB7 /* BookQueryListTableViewCell.swift */,
			);
			name = Cell;
			sourceTree = "<group>";
		};
		76F668C0299685E400198F6B = {
			isa = PBXGroup;
			children = (
				76F668CB299685E400198F6B /* BookSearch */,
				76F668CA299685E400198F6B /* Products */,
			);
			sourceTree = "<group>";
		};
		76F668CA299685E400198F6B /* Products */ = {
			isa = PBXGroup;
			children = (
				76F668C9299685E400198F6B /* BookSearch.app */,
			);
			name = Products;
			sourceTree = "<group>";
		};
		76F668CB299685E400198F6B /* BookSearch */ = {
			isa = PBXGroup;
			children = (
				76F668E4299686BB00198F6B /* Application */,
				76F668FC29976B0100198F6B /* Data */,
				76F668F42996939500198F6B /* Domain */,
				76F6691229978B4000198F6B /* Infrastructure */,
				76F668E5299686CD00198F6B /* Presentation */,
				76F668E3299686A700198F6B /* Resource */,
			);
			path = BookSearch;
			sourceTree = "<group>";
		};
		76F668E3299686A700198F6B /* Resource */ = {
			isa = PBXGroup;
			children = (
				76F668D8299685E500198F6B /* Assets.xcassets */,
				76F668DA299685E500198F6B /* LaunchScreen.storyboard */,
				76F668DD299685E500198F6B /* Info.plist */,
			);
			path = Resource;
			sourceTree = "<group>";
		};
		76F668E4299686BB00198F6B /* Application */ = {
			isa = PBXGroup;
			children = (
				76F668CC299685E400198F6B /* AppDelegate.swift */,
				76F668CE299685E400198F6B /* SceneDelegate.swift */,
			);
			path = Application;
			sourceTree = "<group>";
		};
		76F668E5299686CD00198F6B /* Presentation */ = {
			isa = PBXGroup;
			children = (
				76F669202998D41800198F6B /* Common */,
				76F668F12996922300198F6B /* BookScene */,
				76D2EF3029A91514008E6BB7 /* BookQueryList */,
				76D2EF1329A0BB76008E6BB7 /* Utils */,
			);
			path = Presentation;
			sourceTree = "<group>";
		};
		76F668F12996922300198F6B /* BookScene */ = {
			isa = PBXGroup;
			children = (
				76F66923299D2CA300198F6B /* BookDetail */,
				76F668F22996925800198F6B /* BookList */,
			);
			path = BookScene;
			sourceTree = "<group>";
		};
		76F668F22996925800198F6B /* BookList */ = {
			isa = PBXGroup;
			children = (
				76F668F32996926000198F6B /* View */,
				76F668F82997619D00198F6B /* ViewModel */,
			);
			path = BookList;
			sourceTree = "<group>";
		};
		76F668F32996926000198F6B /* View */ = {
			isa = PBXGroup;
			children = (
				76F668D0299685E400198F6B /* BookListViewController.swift */,
				76F6691A2998C76F00198F6B /* BookListTableView */,
			);
			path = View;
			sourceTree = "<group>";
		};
		76F668F42996939500198F6B /* Domain */ = {
			isa = PBXGroup;
			children = (
				76F668F5299693FC00198F6B /* Entity */,
				76F668FF29976B9500198F6B /* Interface */,
				76F6690829977C7200198F6B /* UseCase */,
			);
			path = Domain;
			sourceTree = "<group>";
		};
		76F668F5299693FC00198F6B /* Entity */ = {
			isa = PBXGroup;
			children = (
				76F668F62996954000198F6B /* Book.swift */,
			);
			path = Entity;
			sourceTree = "<group>";
		};
		76F668F82997619D00198F6B /* ViewModel */ = {
			isa = PBXGroup;
			children = (
				76F668F9299761BA00198F6B /* BookListViewModel.swift */,
			);
			path = ViewModel;
			sourceTree = "<group>";
		};
		76F668FC29976B0100198F6B /* Data */ = {
			isa = PBXGroup;
			children = (
				76D2EF1829A67B2A008E6BB7 /* CoreData */,
				76F668FE29976B5400198F6B /* Network */,
				76F668FD29976B4700198F6B /* Respository */,
			);
			path = Data;
			sourceTree = "<group>";
		};
		76F668FD29976B4700198F6B /* Respository */ = {
			isa = PBXGroup;
			children = (
				76F6690229976BEA00198F6B /* BookRespository.swift */,
			);
			path = Respository;
			sourceTree = "<group>";
		};
		76F668FE29976B5400198F6B /* Network */ = {
			isa = PBXGroup;
			children = (
				76F6690E299785C400198F6B /* APIEndPoint.swift */,
				76F66904299777FC00198F6B /* DTO */,
			);
			path = Network;
			sourceTree = "<group>";
		};
		76F668FF29976B9500198F6B /* Interface */ = {
			isa = PBXGroup;
			children = (
				76F6690029976BCE00198F6B /* BookRespositoryInterface.swift */,
			);
			path = Interface;
			sourceTree = "<group>";
		};
		76F66904299777FC00198F6B /* DTO */ = {
			isa = PBXGroup;
			children = (
				76F669062997787400198F6B /* BookListRequestDTO.swift */,
				76F66910299786D300198F6B /* BookListResponseDTO.swift */,
			);
			path = DTO;
			sourceTree = "<group>";
		};
		76F6690829977C7200198F6B /* UseCase */ = {
			isa = PBXGroup;
			children = (
				76F6690929977CB300198F6B /* SearchBookUseCase.swift */,
				76D2EF3729A91ACB008E6BB7 /* FetchRecentBookUseCase.swift */,
			);
			path = UseCase;
			sourceTree = "<group>";
		};
		76F6691229978B4000198F6B /* Infrastructure */ = {
			isa = PBXGroup;
			children = (
				76F6691329978B7C00198F6B /* Network */,
			);
			path = Infrastructure;
			sourceTree = "<group>";
		};
		76F6691329978B7C00198F6B /* Network */ = {
			isa = PBXGroup;
			children = (
				76F6691429978B8600198F6B /* EndPoint.swift */,
				76F6691629978DE900198F6B /* NetworkProvider.swift */,
				76F669182998AD7A00198F6B /* NetworkError.swift */,
			);
			path = Network;
			sourceTree = "<group>";
		};
		76F6691A2998C76F00198F6B /* BookListTableView */ = {
			isa = PBXGroup;
			children = (
				76F6691B2998C78D00198F6B /* BookListTableViewController.swift */,
				76F6691D2998CB9C00198F6B /* Cell */,
			);
			path = BookListTableView;
			sourceTree = "<group>";
		};
		76F6691D2998CB9C00198F6B /* Cell */ = {
			isa = PBXGroup;
			children = (
				76F6691E2998CBB000198F6B /* BookListTableViewCell.swift */,
			);
			path = Cell;
			sourceTree = "<group>";
		};
		76F669202998D41800198F6B /* Common */ = {
			isa = PBXGroup;
			children = (
				76F669212998D42B00198F6B /* DefaultViewModel.swift */,
			);
			path = Common;
			sourceTree = "<group>";
		};
		76F66923299D2CA300198F6B /* BookDetail */ = {
			isa = PBXGroup;
			children = (
				76D2EF0F299E88EC008E6BB7 /* View */,
				76D2EF10299E88F6008E6BB7 /* ViewModel */,
			);
			path = BookDetail;
			sourceTree = "<group>";
		};
/* End PBXGroup section */

/* Begin PBXNativeTarget section */
		76F668C8299685E400198F6B /* BookSearch */ = {
			isa = PBXNativeTarget;
			buildConfigurationList = 76F668E0299685E500198F6B /* Build configuration list for PBXNativeTarget "BookSearch" */;
			buildPhases = (
				76F668C5299685E400198F6B /* Sources */,
				76F668C6299685E400198F6B /* Frameworks */,
				76F668C7299685E400198F6B /* Resources */,
			);
			buildRules = (
			);
			dependencies = (
			);
			name = BookSearch;
			packageProductDependencies = (
				76F668E7299686F200198F6B /* SnapKit */,
				76F668EA2996874C00198F6B /* RxCocoa */,
				76F668EC2996874C00198F6B /* RxSwift */,
				76F668EF2996892C00198F6B /* Swinject */,
			);
			productName = BookSearch;
			productReference = 76F668C9299685E400198F6B /* BookSearch.app */;
			productType = "com.apple.product-type.application";
		};
/* End PBXNativeTarget section */

/* Begin PBXProject section */
		76F668C1299685E400198F6B /* Project object */ = {
			isa = PBXProject;
			attributes = {
				BuildIndependentTargetsInParallel = 1;
				LastSwiftUpdateCheck = 1420;
				LastUpgradeCheck = 1420;
				TargetAttributes = {
					76F668C8299685E400198F6B = {
						CreatedOnToolsVersion = 14.2;
					};
				};
			};
			buildConfigurationList = 76F668C4299685E400198F6B /* Build configuration list for PBXProject "BookSearch" */;
			compatibilityVersion = "Xcode 14.0";
			developmentRegion = en;
			hasScannedForEncodings = 0;
			knownRegions = (
				en,
				Base,
			);
			mainGroup = 76F668C0299685E400198F6B;
			packageReferences = (
				76F668E6299686F200198F6B /* XCRemoteSwiftPackageReference "SnapKit" */,
				76F668E92996874C00198F6B /* XCRemoteSwiftPackageReference "RxSwift" */,
				76F668EE2996892C00198F6B /* XCRemoteSwiftPackageReference "Swinject" */,
			);
			productRefGroup = 76F668CA299685E400198F6B /* Products */;
			projectDirPath = "";
			projectRoot = "";
			targets = (
				76F668C8299685E400198F6B /* BookSearch */,
			);
		};
/* End PBXProject section */

/* Begin PBXResourcesBuildPhase section */
		76F668C7299685E400198F6B /* Resources */ = {
			isa = PBXResourcesBuildPhase;
			buildActionMask = 2147483647;
			files = (
				76F668DC299685E500198F6B /* LaunchScreen.storyboard in Resources */,
				76F668D9299685E500198F6B /* Assets.xcassets in Resources */,
			);
			runOnlyForDeploymentPostprocessing = 0;
		};
/* End PBXResourcesBuildPhase section */

/* Begin PBXSourcesBuildPhase section */
		76F668C5299685E400198F6B /* Sources */ = {
			isa = PBXSourcesBuildPhase;
			buildActionMask = 2147483647;
			files = (
				76F669192998AD7A00198F6B /* NetworkError.swift in Sources */,
				76F6690A29977CB300198F6B /* SearchBookUseCase.swift in Sources */,
				76D2EF2029A78F68008E6BB7 /* CoreDataBooksResponseStorage.swift in Sources */,
				76F6691F2998CBB000198F6B /* BookListTableViewCell.swift in Sources */,
				76F668D1299685E400198F6B /* BookListViewController.swift in Sources */,
				76F66911299786D300198F6B /* BookListResponseDTO.swift in Sources */,
				76F668CD299685E400198F6B /* AppDelegate.swift in Sources */,
				76D2EF3B29A91D3B008E6BB7 /* BookQueryListTableViewCell.swift in Sources */,
				76D2EF1629A0BBA5008E6BB7 /* UILabel+.swift in Sources */,
				76F668F72996954000198F6B /* Book.swift in Sources */,
				76F669222998D42B00198F6B /* DefaultViewModel.swift in Sources */,
				76D2EF1B29A67C1A008E6BB7 /* CoreDataStorage.swift in Sources */,
				76F6691C2998C78D00198F6B /* BookListTableViewController.swift in Sources */,
				76F6690129976BCE00198F6B /* BookRespositoryInterface.swift in Sources */,
				76F668CF299685E400198F6B /* SceneDelegate.swift in Sources */,
				76D2EF3629A91672008E6BB7 /* BookQueryViewModel.swift in Sources */,
				76F6690329976BEA00198F6B /* BookRespository.swift in Sources */,
				76D2EF3229A91576008E6BB7 /* BookQueryListTableViewController.swift in Sources */,
				76D2EF2629A7A487008E6BB7 /* BookListResponseEntity+Mapping.swift in Sources */,
				76D2EF12299E8909008E6BB7 /* BookDetailViewModel.swift in Sources */,
				76D2EF2F29A7C6F3008E6BB7 /* BookSearch.xcdatamodeld in Sources */,
				76F66925299D2CB100198F6B /* BookDetailViewController.swift in Sources */,
				76F668FA299761BA00198F6B /* BookListViewModel.swift in Sources */,
				76D2EF1E29A78B70008E6BB7 /* BooksResponseStorage.swift in Sources */,
				76F669072997787400198F6B /* BookListRequestDTO.swift in Sources */,
				76F6691529978B8600198F6B /* EndPoint.swift in Sources */,
				76F6690F299785C400198F6B /* APIEndPoint.swift in Sources */,
				76D2EF3829A91ACB008E6BB7 /* FetchRecentBookUseCase.swift in Sources */,
				76F6691729978DE900198F6B /* NetworkProvider.swift in Sources */,
			);
			runOnlyForDeploymentPostprocessing = 0;
		};
/* End PBXSourcesBuildPhase section */

/* Begin PBXVariantGroup section */
		76F668DA299685E500198F6B /* LaunchScreen.storyboard */ = {
			isa = PBXVariantGroup;
			children = (
				76F668DB299685E500198F6B /* Base */,
			);
			name = LaunchScreen.storyboard;
			sourceTree = "<group>";
		};
/* End PBXVariantGroup section */

/* Begin XCBuildConfiguration section */
		76F668DE299685E500198F6B /* Debug */ = {
			isa = XCBuildConfiguration;
			buildSettings = {
				ALWAYS_SEARCH_USER_PATHS = NO;
				CLANG_ANALYZER_NONNULL = YES;
				CLANG_ANALYZER_NUMBER_OBJECT_CONVERSION = YES_AGGRESSIVE;
				CLANG_CXX_LANGUAGE_STANDARD = "gnu++20";
				CLANG_ENABLE_MODULES = YES;
				CLANG_ENABLE_OBJC_ARC = YES;
				CLANG_ENABLE_OBJC_WEAK = YES;
				CLANG_WARN_BLOCK_CAPTURE_AUTORELEASING = YES;
				CLANG_WARN_BOOL_CONVERSION = YES;
				CLANG_WARN_COMMA = YES;
				CLANG_WARN_CONSTANT_CONVERSION = YES;
				CLANG_WARN_DEPRECATED_OBJC_IMPLEMENTATIONS = YES;
				CLANG_WARN_DIRECT_OBJC_ISA_USAGE = YES_ERROR;
				CLANG_WARN_DOCUMENTATION_COMMENTS = YES;
				CLANG_WARN_EMPTY_BODY = YES;
				CLANG_WARN_ENUM_CONVERSION = YES;
				CLANG_WARN_INFINITE_RECURSION = YES;
				CLANG_WARN_INT_CONVERSION = YES;
				CLANG_WARN_NON_LITERAL_NULL_CONVERSION = YES;
				CLANG_WARN_OBJC_IMPLICIT_RETAIN_SELF = YES;
				CLANG_WARN_OBJC_LITERAL_CONVERSION = YES;
				CLANG_WARN_OBJC_ROOT_CLASS = YES_ERROR;
				CLANG_WARN_QUOTED_INCLUDE_IN_FRAMEWORK_HEADER = YES;
				CLANG_WARN_RANGE_LOOP_ANALYSIS = YES;
				CLANG_WARN_STRICT_PROTOTYPES = YES;
				CLANG_WARN_SUSPICIOUS_MOVE = YES;
				CLANG_WARN_UNGUARDED_AVAILABILITY = YES_AGGRESSIVE;
				CLANG_WARN_UNREACHABLE_CODE = YES;
				CLANG_WARN__DUPLICATE_METHOD_MATCH = YES;
				COPY_PHASE_STRIP = NO;
				DEBUG_INFORMATION_FORMAT = dwarf;
				ENABLE_STRICT_OBJC_MSGSEND = YES;
				ENABLE_TESTABILITY = YES;
				GCC_C_LANGUAGE_STANDARD = gnu11;
				GCC_DYNAMIC_NO_PIC = NO;
				GCC_NO_COMMON_BLOCKS = YES;
				GCC_OPTIMIZATION_LEVEL = 0;
				GCC_PREPROCESSOR_DEFINITIONS = (
					"DEBUG=1",
					"$(inherited)",
				);
				GCC_WARN_64_TO_32_BIT_CONVERSION = YES;
				GCC_WARN_ABOUT_RETURN_TYPE = YES_ERROR;
				GCC_WARN_UNDECLARED_SELECTOR = YES;
				GCC_WARN_UNINITIALIZED_AUTOS = YES_AGGRESSIVE;
				GCC_WARN_UNUSED_FUNCTION = YES;
				GCC_WARN_UNUSED_VARIABLE = YES;
				IPHONEOS_DEPLOYMENT_TARGET = 16.2;
				MTL_ENABLE_DEBUG_INFO = INCLUDE_SOURCE;
				MTL_FAST_MATH = YES;
				ONLY_ACTIVE_ARCH = YES;
				SDKROOT = iphoneos;
				SWIFT_ACTIVE_COMPILATION_CONDITIONS = DEBUG;
				SWIFT_OPTIMIZATION_LEVEL = "-Onone";
			};
			name = Debug;
		};
		76F668DF299685E500198F6B /* Release */ = {
			isa = XCBuildConfiguration;
			buildSettings = {
				ALWAYS_SEARCH_USER_PATHS = NO;
				CLANG_ANALYZER_NONNULL = YES;
				CLANG_ANALYZER_NUMBER_OBJECT_CONVERSION = YES_AGGRESSIVE;
				CLANG_CXX_LANGUAGE_STANDARD = "gnu++20";
				CLANG_ENABLE_MODULES = YES;
				CLANG_ENABLE_OBJC_ARC = YES;
				CLANG_ENABLE_OBJC_WEAK = YES;
				CLANG_WARN_BLOCK_CAPTURE_AUTORELEASING = YES;
				CLANG_WARN_BOOL_CONVERSION = YES;
				CLANG_WARN_COMMA = YES;
				CLANG_WARN_CONSTANT_CONVERSION = YES;
				CLANG_WARN_DEPRECATED_OBJC_IMPLEMENTATIONS = YES;
				CLANG_WARN_DIRECT_OBJC_ISA_USAGE = YES_ERROR;
				CLANG_WARN_DOCUMENTATION_COMMENTS = YES;
				CLANG_WARN_EMPTY_BODY = YES;
				CLANG_WARN_ENUM_CONVERSION = YES;
				CLANG_WARN_INFINITE_RECURSION = YES;
				CLANG_WARN_INT_CONVERSION = YES;
				CLANG_WARN_NON_LITERAL_NULL_CONVERSION = YES;
				CLANG_WARN_OBJC_IMPLICIT_RETAIN_SELF = YES;
				CLANG_WARN_OBJC_LITERAL_CONVERSION = YES;
				CLANG_WARN_OBJC_ROOT_CLASS = YES_ERROR;
				CLANG_WARN_QUOTED_INCLUDE_IN_FRAMEWORK_HEADER = YES;
				CLANG_WARN_RANGE_LOOP_ANALYSIS = YES;
				CLANG_WARN_STRICT_PROTOTYPES = YES;
				CLANG_WARN_SUSPICIOUS_MOVE = YES;
				CLANG_WARN_UNGUARDED_AVAILABILITY = YES_AGGRESSIVE;
				CLANG_WARN_UNREACHABLE_CODE = YES;
				CLANG_WARN__DUPLICATE_METHOD_MATCH = YES;
				COPY_PHASE_STRIP = NO;
				DEBUG_INFORMATION_FORMAT = "dwarf-with-dsym";
				ENABLE_NS_ASSERTIONS = NO;
				ENABLE_STRICT_OBJC_MSGSEND = YES;
				GCC_C_LANGUAGE_STANDARD = gnu11;
				GCC_NO_COMMON_BLOCKS = YES;
				GCC_WARN_64_TO_32_BIT_CONVERSION = YES;
				GCC_WARN_ABOUT_RETURN_TYPE = YES_ERROR;
				GCC_WARN_UNDECLARED_SELECTOR = YES;
				GCC_WARN_UNINITIALIZED_AUTOS = YES_AGGRESSIVE;
				GCC_WARN_UNUSED_FUNCTION = YES;
				GCC_WARN_UNUSED_VARIABLE = YES;
				IPHONEOS_DEPLOYMENT_TARGET = 16.2;
				MTL_ENABLE_DEBUG_INFO = NO;
				MTL_FAST_MATH = YES;
				SDKROOT = iphoneos;
				SWIFT_COMPILATION_MODE = wholemodule;
				SWIFT_OPTIMIZATION_LEVEL = "-O";
				VALIDATE_PRODUCT = YES;
			};
			name = Release;
		};
		76F668E1299685E500198F6B /* Debug */ = {
			isa = XCBuildConfiguration;
			buildSettings = {
				ASSETCATALOG_COMPILER_APPICON_NAME = AppIcon;
				ASSETCATALOG_COMPILER_GLOBAL_ACCENT_COLOR_NAME = AccentColor;
				CODE_SIGN_STYLE = Automatic;
				CURRENT_PROJECT_VERSION = 1;
				DEVELOPMENT_TEAM = P9MW78T4QB;
				GENERATE_INFOPLIST_FILE = YES;
				INFOPLIST_FILE = BookSearch/Resource/Info.plist;
				INFOPLIST_KEY_UIApplicationSupportsIndirectInputEvents = YES;
				INFOPLIST_KEY_UILaunchStoryboardName = LaunchScreen;
				INFOPLIST_KEY_UISupportedInterfaceOrientations_iPad = "UIInterfaceOrientationPortrait UIInterfaceOrientationPortraitUpsideDown UIInterfaceOrientationLandscapeLeft UIInterfaceOrientationLandscapeRight";
				INFOPLIST_KEY_UISupportedInterfaceOrientations_iPhone = "UIInterfaceOrientationPortrait UIInterfaceOrientationLandscapeLeft UIInterfaceOrientationLandscapeRight";
				LD_RUNPATH_SEARCH_PATHS = (
					"$(inherited)",
					"@executable_path/Frameworks",
				);
				MARKETING_VERSION = 1.0;
				PRODUCT_BUNDLE_IDENTIFIER = com.chagmn.BookSearch;
				PRODUCT_NAME = "$(TARGET_NAME)";
				SWIFT_EMIT_LOC_STRINGS = YES;
				SWIFT_VERSION = 5.0;
				TARGETED_DEVICE_FAMILY = "1,2";
			};
			name = Debug;
		};
		76F668E2299685E500198F6B /* Release */ = {
			isa = XCBuildConfiguration;
			buildSettings = {
				ASSETCATALOG_COMPILER_APPICON_NAME = AppIcon;
				ASSETCATALOG_COMPILER_GLOBAL_ACCENT_COLOR_NAME = AccentColor;
				CODE_SIGN_STYLE = Automatic;
				CURRENT_PROJECT_VERSION = 1;
				DEVELOPMENT_TEAM = P9MW78T4QB;
				GENERATE_INFOPLIST_FILE = YES;
				INFOPLIST_FILE = BookSearch/Resource/Info.plist;
				INFOPLIST_KEY_UIApplicationSupportsIndirectInputEvents = YES;
				INFOPLIST_KEY_UILaunchStoryboardName = LaunchScreen;
				INFOPLIST_KEY_UISupportedInterfaceOrientations_iPad = "UIInterfaceOrientationPortrait UIInterfaceOrientationPortraitUpsideDown UIInterfaceOrientationLandscapeLeft UIInterfaceOrientationLandscapeRight";
				INFOPLIST_KEY_UISupportedInterfaceOrientations_iPhone = "UIInterfaceOrientationPortrait UIInterfaceOrientationLandscapeLeft UIInterfaceOrientationLandscapeRight";
				LD_RUNPATH_SEARCH_PATHS = (
					"$(inherited)",
					"@executable_path/Frameworks",
				);
				MARKETING_VERSION = 1.0;
				PRODUCT_BUNDLE_IDENTIFIER = com.chagmn.BookSearch;
				PRODUCT_NAME = "$(TARGET_NAME)";
				SWIFT_EMIT_LOC_STRINGS = YES;
				SWIFT_VERSION = 5.0;
				TARGETED_DEVICE_FAMILY = "1,2";
			};
			name = Release;
		};
/* End XCBuildConfiguration section */

/* Begin XCConfigurationList section */
		76F668C4299685E400198F6B /* Build configuration list for PBXProject "BookSearch" */ = {
			isa = XCConfigurationList;
			buildConfigurations = (
				76F668DE299685E500198F6B /* Debug */,
				76F668DF299685E500198F6B /* Release */,
			);
			defaultConfigurationIsVisible = 0;
			defaultConfigurationName = Release;
		};
		76F668E0299685E500198F6B /* Build configuration list for PBXNativeTarget "BookSearch" */ = {
			isa = XCConfigurationList;
			buildConfigurations = (
				76F668E1299685E500198F6B /* Debug */,
				76F668E2299685E500198F6B /* Release */,
			);
			defaultConfigurationIsVisible = 0;
			defaultConfigurationName = Release;
		};
/* End XCConfigurationList section */

/* Begin XCRemoteSwiftPackageReference section */
		76F668E6299686F200198F6B /* XCRemoteSwiftPackageReference "SnapKit" */ = {
			isa = XCRemoteSwiftPackageReference;
			repositoryURL = "https://github.com/SnapKit/SnapKit";
			requirement = {
				kind = upToNextMajorVersion;
				minimumVersion = 5.0.0;
			};
		};
		76F668E92996874C00198F6B /* XCRemoteSwiftPackageReference "RxSwift" */ = {
			isa = XCRemoteSwiftPackageReference;
			repositoryURL = "https://github.com/ReactiveX/RxSwift";
			requirement = {
				kind = upToNextMajorVersion;
				minimumVersion = 6.0.0;
			};
		};
		76F668EE2996892C00198F6B /* XCRemoteSwiftPackageReference "Swinject" */ = {
			isa = XCRemoteSwiftPackageReference;
			repositoryURL = "https://github.com/Swinject/Swinject.git";
			requirement = {
				kind = upToNextMajorVersion;
				minimumVersion = 2.0.0;
			};
		};
/* End XCRemoteSwiftPackageReference section */

/* Begin XCSwiftPackageProductDependency section */
		76F668E7299686F200198F6B /* SnapKit */ = {
			isa = XCSwiftPackageProductDependency;
			package = 76F668E6299686F200198F6B /* XCRemoteSwiftPackageReference "SnapKit" */;
			productName = SnapKit;
		};
		76F668EA2996874C00198F6B /* RxCocoa */ = {
			isa = XCSwiftPackageProductDependency;
			package = 76F668E92996874C00198F6B /* XCRemoteSwiftPackageReference "RxSwift" */;
			productName = RxCocoa;
		};
		76F668EC2996874C00198F6B /* RxSwift */ = {
			isa = XCSwiftPackageProductDependency;
			package = 76F668E92996874C00198F6B /* XCRemoteSwiftPackageReference "RxSwift" */;
			productName = RxSwift;
		};
		76F668EF2996892C00198F6B /* Swinject */ = {
			isa = XCSwiftPackageProductDependency;
			package = 76F668EE2996892C00198F6B /* XCRemoteSwiftPackageReference "Swinject" */;
			productName = Swinject;
		};
/* End XCSwiftPackageProductDependency section */

/* Begin XCVersionGroup section */
		76D2EF2C29A7C6F3008E6BB7 /* BookSearch.xcdatamodeld */ = {
			isa = XCVersionGroup;
			children = (
				76D2EF2D29A7C6F3008E6BB7 /* BookSearch.xcdatamodel */,
				76D2EF2E29A7C6F3008E6BB7 /* BookSearch 2.xcdatamodel */,
			);
			currentVersion = 76D2EF2D29A7C6F3008E6BB7 /* BookSearch.xcdatamodel */;
			path = BookSearch.xcdatamodeld;
			sourceTree = "<group>";
			versionGroupType = wrapper.xcdatamodel;
		};
/* End XCVersionGroup section */
	};
	rootObject = 76F668C1299685E400198F6B /* Project object */;
}
